
Microsoft Visual Studio Solution File, Format Version 12.00
# Visual Studio 15
VisualStudioVersion = 15.0.28307.757
MinimumVisualStudioVersion = 10.0.40219.1
Project("{2150E333-8FDC-42A3-9474-1A3956D46DE8}") = "demo01", "demo01", "{4AD39B19-8401-4778-A343-2F8C10E6560C}"
EndProject
Project("{2150E333-8FDC-42A3-9474-1A3956D46DE8}") = "demo02", "demo02", "{B2850EB9-3B90-4323-A6D8-AC963D10F3F3}"
EndProject
Project("{9A19103F-16F7-4668-BE54-9A1E7A4F7556}") = "SimpleWebService", "SimpleWebService\SimpleWebService.csproj", "{8CAB788E-C909-4167-942A-B9303644D67B}"
EndProject
Project("{9A19103F-16F7-4668-BE54-9A1E7A4F7556}") = "SimpleWebService.BusinessLayer", "SimpleWebService.BusinessLayer\SimpleWebService.BusinessLayer.csproj", "{C3DD587D-9E18-4510-BF2E-3F95DE569842}"
EndProject
Project("{9A19103F-16F7-4668-BE54-9A1E7A4F7556}") = "SimpleWebService.DataAccessLayer", "SimpleWebService.DataAccessLayer\SimpleWebService.DataAccessLayer.csproj", "{C3A3AC6E-2737-43FC-9883-2A14938F34EE}"
EndProject
Global
	GlobalSection(SolutionConfigurationPlatforms) = preSolution
		Debug|Any CPU = Debug|Any CPU
		Release|Any CPU = Release|Any CPU
	EndGlobalSection
	GlobalSection(ProjectConfigurationPlatforms) = postSolution
		{8CAB788E-C909-4167-942A-B9303644D67B}.Debug|Any CPU.ActiveCfg = Debug|Any CPU
		{8CAB788E-C909-4167-942A-B9303644D67B}.Debug|Any CPU.Build.0 = Debug|Any CPU
		{8CAB788E-C909-4167-942A-B9303644D67B}.Release|Any CPU.ActiveCfg = Release|Any CPU
		{8CAB788E-C909-4167-942A-B9303644D67B}.Release|Any CPU.Build.0 = Release|Any CPU
		{C3DD587D-9E18-4510-BF2E-3F95DE569842}.Debug|Any CPU.ActiveCfg = Debug|Any CPU
		{C3DD587D-9E18-4510-BF2E-3F95DE569842}.Debug|Any CPU.Build.0 = Debug|Any CPU
		{C3DD587D-9E18-4510-BF2E-3F95DE569842}.Release|Any CPU.ActiveCfg = Release|Any CPU
		{C3DD587D-9E18-4510-BF2E-3F95DE569842}.Release|Any CPU.Build.0 = Release|Any CPU
		{C3A3AC6E-2737-43FC-9883-2A14938F34EE}.Debug|Any CPU.ActiveCfg = Debug|Any CPU
		{C3A3AC6E-2737-43FC-9883-2A14938F34EE}.Debug|Any CPU.Build.0 = Debug|Any CPU
		{C3A3AC6E-2737-43FC-9883-2A14938F34EE}.Release|Any CPU.ActiveCfg = Release|Any CPU
		{C3A3AC6E-2737-43FC-9883-2A14938F34EE}.Release|Any CPU.Build.0 = Release|Any CPU
	EndGlobalSection
	GlobalSection(SolutionProperties) = preSolution
		HideSolutionNode = FALSE
	EndGlobalSection
	GlobalSection(NestedProjects) = preSolution
		{8CAB788E-C909-4167-942A-B9303644D67B} = {B2850EB9-3B90-4323-A6D8-AC963D10F3F3}
		{C3DD587D-9E18-4510-BF2E-3F95DE569842} = {B2850EB9-3B90-4323-A6D8-AC963D10F3F3}
		{C3A3AC6E-2737-43FC-9883-2A14938F34EE} = {B2850EB9-3B90-4323-A6D8-AC963D10F3F3}
	EndGlobalSection
	GlobalSection(ExtensibilityGlobals) = postSolution
		SolutionGuid = {241CA254-FB84-405B-9DBC-364F63EDFAFC}
	EndGlobalSection
EndGlobal
